
Microsoft Visual Studio Solution File, Format Version 12.00
# Visual Studio 15
VisualStudioVersion = 15.0.28010.2046
MinimumVisualStudioVersion = 10.0.40219.1
Project("{FAE04EC0-301F-11D3-BF4B-00C04F79EFBC}") = "ezVoteAPI", "ezVoteAPI\ezVoteAPI.csproj", "{A2E2B50B-9FF4-4BFA-8F6D-E1ACD5989266}"
EndProject
Project("{FAE04EC0-301F-11D3-BF4B-00C04F79EFBC}") = "ezVoteAPI.Tests", "ezVoteAPI.Tests\ezVoteAPI.Tests.csproj", "{D734D7BE-5945-4961-B908-D0580E449E0A}"
EndProject
Global
	GlobalSection(SolutionConfigurationPlatforms) = preSolution
		Debug|Any CPU = Debug|Any CPU
		Release|Any CPU = Release|Any CPU
	EndGlobalSection
	GlobalSection(ProjectConfigurationPlatforms) = postSolution
		{A2E2B50B-9FF4-4BFA-8F6D-E1ACD5989266}.Debug|Any CPU.ActiveCfg = Debug|Any CPU
		{A2E2B50B-9FF4-4BFA-8F6D-E1ACD5989266}.Debug|Any CPU.Build.0 = Debug|Any CPU
		{A2E2B50B-9FF4-4BFA-8F6D-E1ACD5989266}.Release|Any CPU.ActiveCfg = Release|Any CPU
		{A2E2B50B-9FF4-4BFA-8F6D-E1ACD5989266}.Release|Any CPU.Build.0 = Release|Any CPU
		{D734D7BE-5945-4961-B908-D0580E449E0A}.Debug|Any CPU.ActiveCfg = Debug|Any CPU
		{D734D7BE-5945-4961-B908-D0580E449E0A}.Debug|Any CPU.Build.0 = Debug|Any CPU
		{D734D7BE-5945-4961-B908-D0580E449E0A}.Release|Any CPU.ActiveCfg = Release|Any CPU
		{D734D7BE-5945-4961-B908-D0580E449E0A}.Release|Any CPU.Build.0 = Release|Any CPU
	EndGlobalSection
	GlobalSection(SolutionProperties) = preSolution
		HideSolutionNode = FALSE
	EndGlobalSection
	GlobalSection(ExtensibilityGlobals) = postSolution
		SolutionGuid = {28518C39-932D-40FF-82F0-093740D5F450}
	EndGlobalSection
EndGlobal
